
Microsoft Visual Studio Solution File, Format Version 12.00
# Visual Studio Version 17
VisualStudioVersion = 17.4.33403.182
MinimumVisualStudioVersion = 10.0.40219.1
Project("{9A19103F-16F7-4668-BE54-9A1E7A4F7556}") = "Server", "Server\Server.csproj", "{AFA2A6C5-5F86-4759-9F97-56C99BD754D1}"
EndProject
Project("{9A19103F-16F7-4668-BE54-9A1E7A4F7556}") = "Client", "Client\Client.csproj", "{F60E7936-21D8-45CE-8CA4-5865CCD30AC6}"
EndProject
Project("{9A19103F-16F7-4668-BE54-9A1E7A4F7556}") = "Shared", "Shared\Shared.csproj", "{40A09DBC-EE8A-4639-91E9-BEF7F30802F7}"
EndProject
Project("{2150E333-8FDC-42A3-9474-1A3956D46DE8}") = "Solution Items", "Solution Items", "{B8B8F808-C815-4E73-83FD-9CDEA8BFF9A6}"
	ProjectSection(SolutionItems) = preProject
		README.md = README.md
	EndProjectSection
EndProject
Global
	GlobalSection(SolutionConfigurationPlatforms) = preSolution
		Debug|Any CPU = Debug|Any CPU
		Release|Any CPU = Release|Any CPU
	EndGlobalSection
	GlobalSection(ProjectConfigurationPlatforms) = postSolution
		{AFA2A6C5-5F86-4759-9F97-56C99BD754D1}.Debug|Any CPU.ActiveCfg = Debug|Any CPU
		{AFA2A6C5-5F86-4759-9F97-56C99BD754D1}.Debug|Any CPU.Build.0 = Debug|Any CPU
		{AFA2A6C5-5F86-4759-9F97-56C99BD754D1}.Release|Any CPU.ActiveCfg = Release|Any CPU
		{AFA2A6C5-5F86-4759-9F97-56C99BD754D1}.Release|Any CPU.Build.0 = Release|Any CPU
		{F60E7936-21D8-45CE-8CA4-5865CCD30AC6}.Debug|Any CPU.ActiveCfg = Debug|Any CPU
		{F60E7936-21D8-45CE-8CA4-5865CCD30AC6}.Debug|Any CPU.Build.0 = Debug|Any CPU
		{F60E7936-21D8-45CE-8CA4-5865CCD30AC6}.Release|Any CPU.ActiveCfg = Release|Any CPU
		{F60E7936-21D8-45CE-8CA4-5865CCD30AC6}.Release|Any CPU.Build.0 = Release|Any CPU
		{40A09DBC-EE8A-4639-91E9-BEF7F30802F7}.Debug|Any CPU.ActiveCfg = Debug|Any CPU
		{40A09DBC-EE8A-4639-91E9-BEF7F30802F7}.Debug|Any CPU.Build.0 = Debug|Any CPU
		{40A09DBC-EE8A-4639-91E9-BEF7F30802F7}.Release|Any CPU.ActiveCfg = Release|Any CPU
		{40A09DBC-EE8A-4639-91E9-BEF7F30802F7}.Release|Any CPU.Build.0 = Release|Any CPU
	EndGlobalSection
	GlobalSection(SolutionProperties) = preSolution
		HideSolutionNode = FALSE
	EndGlobalSection
	GlobalSection(ExtensibilityGlobals) = postSolution
		SolutionGuid = {64253A65-CDCB-4A44-89C5-51EED37A89AA}
	EndGlobalSection
EndGlobal
